
Microsoft Visual Studio Solution File, Format Version 12.00
# Visual Studio Version 17
VisualStudioVersion = 17.13.35931.197
MinimumVisualStudioVersion = 10.0.40219.1
Project("{FAE04EC0-301F-11D3-BF4B-00C04F79EFBC}") = "Threem.File.UploaderKit", "Threem.File.UploaderKit.csproj", "{AF521896-1A6F-4390-BF80-3D84E6997C9B}"
EndProject
Global
	GlobalSection(SolutionConfigurationPlatforms) = preSolution
		Debug|Any CPU = Debug|Any CPU
		Release|Any CPU = Release|Any CPU
	EndGlobalSection
	GlobalSection(ProjectConfigurationPlatforms) = postSolution
		{AF521896-1A6F-4390-BF80-3D84E6997C9B}.Debug|Any CPU.ActiveCfg = Debug|Any CPU
		{AF521896-1A6F-4390-BF80-3D84E6997C9B}.Debug|Any CPU.Build.0 = Debug|Any CPU
		{AF521896-1A6F-4390-BF80-3D84E6997C9B}.Release|Any CPU.ActiveCfg = Release|Any CPU
		{AF521896-1A6F-4390-BF80-3D84E6997C9B}.Release|Any CPU.Build.0 = Release|Any CPU
	EndGlobalSection
	GlobalSection(SolutionProperties) = preSolution
		HideSolutionNode = FALSE
	EndGlobalSection
	GlobalSection(ExtensibilityGlobals) = postSolution
		SolutionGuid = {10D0E8D5-4782-49B9-A69F-59F29C299C4E}
	EndGlobalSection
EndGlobal
